
Microsoft Visual Studio Solution File, Format Version 12.00
# Visual Studio Version 16
VisualStudioVersion = 16.0.32126.315
MinimumVisualStudioVersion = 10.0.40219.1
Project("{FAE04EC0-301F-11D3-BF4B-00C04F79EFBC}") = "HW_6_Task_4", "HW_6_Task_4\HW_6_Task_4.csproj", "{CB69BE5A-3BC4-4B04-AC57-DE0ECEC32B3C}"
EndProject
Global
	GlobalSection(SolutionConfigurationPlatforms) = preSolution
		Debug|Any CPU = Debug|Any CPU
		Release|Any CPU = Release|Any CPU
	EndGlobalSection
	GlobalSection(ProjectConfigurationPlatforms) = postSolution
		{CB69BE5A-3BC4-4B04-AC57-DE0ECEC32B3C}.Debug|Any CPU.ActiveCfg = Debug|Any CPU
		{CB69BE5A-3BC4-4B04-AC57-DE0ECEC32B3C}.Debug|Any CPU.Build.0 = Debug|Any CPU
		{CB69BE5A-3BC4-4B04-AC57-DE0ECEC32B3C}.Release|Any CPU.ActiveCfg = Release|Any CPU
		{CB69BE5A-3BC4-4B04-AC57-DE0ECEC32B3C}.Release|Any CPU.Build.0 = Release|Any CPU
	EndGlobalSection
	GlobalSection(SolutionProperties) = preSolution
		HideSolutionNode = FALSE
	EndGlobalSection
	GlobalSection(ExtensibilityGlobals) = postSolution
		SolutionGuid = {A5AB23A6-4315-45F8-8310-F2C83E4F0EDA}
	EndGlobalSection
EndGlobal
