
Microsoft Visual Studio Solution File, Format Version 12.00
# Visual Studio Version 16
VisualStudioVersion = 16.0.32126.315
MinimumVisualStudioVersion = 10.0.40219.1
Project("{FAE04EC0-301F-11D3-BF4B-00C04F79EFBC}") = "HW_6_Task_3", "HW_6_Task_3\HW_6_Task_3.csproj", "{ACDEF3E5-D114-4439-AB80-A15E5B727BC5}"
EndProject
Global
	GlobalSection(SolutionConfigurationPlatforms) = preSolution
		Debug|Any CPU = Debug|Any CPU
		Release|Any CPU = Release|Any CPU
	EndGlobalSection
	GlobalSection(ProjectConfigurationPlatforms) = postSolution
		{ACDEF3E5-D114-4439-AB80-A15E5B727BC5}.Debug|Any CPU.ActiveCfg = Debug|Any CPU
		{ACDEF3E5-D114-4439-AB80-A15E5B727BC5}.Debug|Any CPU.Build.0 = Debug|Any CPU
		{ACDEF3E5-D114-4439-AB80-A15E5B727BC5}.Release|Any CPU.ActiveCfg = Release|Any CPU
		{ACDEF3E5-D114-4439-AB80-A15E5B727BC5}.Release|Any CPU.Build.0 = Release|Any CPU
	EndGlobalSection
	GlobalSection(SolutionProperties) = preSolution
		HideSolutionNode = FALSE
	EndGlobalSection
	GlobalSection(ExtensibilityGlobals) = postSolution
		SolutionGuid = {F9F392C6-728C-4B7A-988B-36BF527BF5F2}
	EndGlobalSection
EndGlobal
